
Microsoft Visual Studio Solution File, Format Version 12.00
# Visual Studio Version 16
VisualStudioVersion = 16.0.30011.22
MinimumVisualStudioVersion = 10.0.40219.1
Project("{FAE04EC0-301F-11D3-BF4B-00C04F79EFBC}") = "Core_MVC_EF", "Core_MVC_EF\Core_MVC_EF.csproj", "{67CD0298-CB53-4D80-8E42-A01630D48CC0}"
EndProject
Global
	GlobalSection(SolutionConfigurationPlatforms) = preSolution
		Debug|Any CPU = Debug|Any CPU
		Release|Any CPU = Release|Any CPU
	EndGlobalSection
	GlobalSection(ProjectConfigurationPlatforms) = postSolution
		{67CD0298-CB53-4D80-8E42-A01630D48CC0}.Debug|Any CPU.ActiveCfg = Debug|Any CPU
		{67CD0298-CB53-4D80-8E42-A01630D48CC0}.Debug|Any CPU.Build.0 = Debug|Any CPU
		{67CD0298-CB53-4D80-8E42-A01630D48CC0}.Release|Any CPU.ActiveCfg = Release|Any CPU
		{67CD0298-CB53-4D80-8E42-A01630D48CC0}.Release|Any CPU.Build.0 = Release|Any CPU
	EndGlobalSection
	GlobalSection(SolutionProperties) = preSolution
		HideSolutionNode = FALSE
	EndGlobalSection
	GlobalSection(ExtensibilityGlobals) = postSolution
		SolutionGuid = {6B60E2CD-00A8-4629-A4F7-119DB3B1BE39}
	EndGlobalSection
EndGlobal
